
Microsoft Visual Studio Solution File, Format Version 12.00
# Visual Studio 15
VisualStudioVersion = 15.0.27130.2010
MinimumVisualStudioVersion = 10.0.40219.1
Project("{D954291E-2A0B-460D-934E-DC6B0785DB48}") = "MonoGameJamProject", "MonoGameJamProject\MonoGameJamProject.shproj", "{FD3DCC9A-1644-402A-9DB2-4070E817E3F5}"
EndProject
Project("{9A19103F-16F7-4668-BE54-9A1E7A4F7556}") = "ProjectCore", "ProjectCore\ProjectCore.csproj", "{ECC0FB29-6F74-4136-B280-6AEA4D3659EA}"
EndProject
Global
	GlobalSection(SharedMSBuildProjectFiles) = preSolution
		MonoGameJamProject\MonoGameJamProject.projitems*{fd3dcc9a-1644-402a-9db2-4070e817e3f5}*SharedItemsImports = 13
	EndGlobalSection
	GlobalSection(SolutionConfigurationPlatforms) = preSolution
		Debug|Any CPU = Debug|Any CPU
		Release|Any CPU = Release|Any CPU
	EndGlobalSection
	GlobalSection(ProjectConfigurationPlatforms) = postSolution
		{ECC0FB29-6F74-4136-B280-6AEA4D3659EA}.Debug|Any CPU.ActiveCfg = Debug|Any CPU
		{ECC0FB29-6F74-4136-B280-6AEA4D3659EA}.Debug|Any CPU.Build.0 = Debug|Any CPU
		{ECC0FB29-6F74-4136-B280-6AEA4D3659EA}.Release|Any CPU.ActiveCfg = Release|Any CPU
		{ECC0FB29-6F74-4136-B280-6AEA4D3659EA}.Release|Any CPU.Build.0 = Release|Any CPU
	EndGlobalSection
	GlobalSection(SolutionProperties) = preSolution
		HideSolutionNode = FALSE
	EndGlobalSection
	GlobalSection(ExtensibilityGlobals) = postSolution
		SolutionGuid = {E54ED935-FD4E-40B1-9C4C-E68AF3A390DE}
	EndGlobalSection
EndGlobal
